
Microsoft Visual Studio Solution File, Format Version 12.00
# Visual Studio Version 17
VisualStudioVersion = 17.14.36623.8 d17.14
MinimumVisualStudioVersion = 10.0.40219.1
Project("{FAE04EC0-301F-11D3-BF4B-00C04F79EFBC}") = "nejmensi cislo", "nejmensi cislo\nejmensi cislo.csproj", "{AD12FD85-0108-4794-A862-D10469AC9D8B}"
EndProject
Global
	GlobalSection(SolutionConfigurationPlatforms) = preSolution
		Debug|Any CPU = Debug|Any CPU
		Release|Any CPU = Release|Any CPU
	EndGlobalSection
	GlobalSection(ProjectConfigurationPlatforms) = postSolution
		{AD12FD85-0108-4794-A862-D10469AC9D8B}.Debug|Any CPU.ActiveCfg = Debug|Any CPU
		{AD12FD85-0108-4794-A862-D10469AC9D8B}.Debug|Any CPU.Build.0 = Debug|Any CPU
		{AD12FD85-0108-4794-A862-D10469AC9D8B}.Release|Any CPU.ActiveCfg = Release|Any CPU
		{AD12FD85-0108-4794-A862-D10469AC9D8B}.Release|Any CPU.Build.0 = Release|Any CPU
	EndGlobalSection
	GlobalSection(SolutionProperties) = preSolution
		HideSolutionNode = FALSE
	EndGlobalSection
	GlobalSection(ExtensibilityGlobals) = postSolution
		SolutionGuid = {36DE5624-186B-4BE0-BCA2-D6F66DBE96C0}
	EndGlobalSection
EndGlobal
